
Microsoft Visual Studio Solution File, Format Version 12.00
# Visual Studio 15
VisualStudioVersion = 15.0.28307.271
MinimumVisualStudioVersion = 10.0.40219.1
Project("{FAE04EC0-301F-11D3-BF4B-00C04F79EFBC}") = "secondsCalculatetor", "secondsCalculatetor\secondsCalculatetor.csproj", "{BBED9329-3953-4721-985B-4C92A5039215}"
EndProject
Global
	GlobalSection(SolutionConfigurationPlatforms) = preSolution
		Debug|Any CPU = Debug|Any CPU
		Release|Any CPU = Release|Any CPU
	EndGlobalSection
	GlobalSection(ProjectConfigurationPlatforms) = postSolution
		{BBED9329-3953-4721-985B-4C92A5039215}.Debug|Any CPU.ActiveCfg = Debug|Any CPU
		{BBED9329-3953-4721-985B-4C92A5039215}.Debug|Any CPU.Build.0 = Debug|Any CPU
		{BBED9329-3953-4721-985B-4C92A5039215}.Release|Any CPU.ActiveCfg = Release|Any CPU
		{BBED9329-3953-4721-985B-4C92A5039215}.Release|Any CPU.Build.0 = Release|Any CPU
	EndGlobalSection
	GlobalSection(SolutionProperties) = preSolution
		HideSolutionNode = FALSE
	EndGlobalSection
	GlobalSection(ExtensibilityGlobals) = postSolution
		SolutionGuid = {1A809BE3-ACB2-46ED-B9C4-7562C01A6A85}
	EndGlobalSection
EndGlobal
